// !$*UTF8*$!
{
	archiveVersion = 1;
	classes = {
	};
	objectVersion = 52;
	objects = {

/* Begin PBXBuildFile section */
		44B7FBB805D7BFC9DFBE897B /* Pods_CalendarApp.framework in Frameworks */ = {isa = PBXBuildFile; fileRef = A223D8E39EB8C7A25F4E823A /* Pods_CalendarApp.framework */; };
		5D0218532CB9933800AA9CFC /* JMSItogoViewController.swift in Sources */ = {isa = PBXBuildFile; fileRef = 5D0218522CB9933800AA9CFC /* JMSItogoViewController.swift */; };
		5D0218552CB993A600AA9CFC /* JMSItogoViewController.storyboard in Resources */ = {isa = PBXBuildFile; fileRef = 5D0218542CB993A600AA9CFC /* JMSItogoViewController.storyboard */; };
		5D07C5302CAB09C700951854 /* JMSReligionViewController.swift in Sources */ = {isa = PBXBuildFile; fileRef = 5D07C52F2CAB09C700951854 /* JMSReligionViewController.swift */; };
		5D07C5322CAB09F500951854 /* JMSReligionViewController.storyboard in Resources */ = {isa = PBXBuildFile; fileRef = 5D07C5312CAB09F500951854 /* JMSReligionViewController.storyboard */; };
		5D460C152C6D25570096BC59 /* JMSDatabase.swift in Sources */ = {isa = PBXBuildFile; fileRef = 5D460C142C6D25570096BC59 /* JMSDatabase.swift */; };
		5D460C172C6D267C0096BC59 /* JMSDAOFactory.swift in Sources */ = {isa = PBXBuildFile; fileRef = 5D460C162C6D267C0096BC59 /* JMSDAOFactory.swift */; };
		5D460C292C6D26EE0096BC59 /* JMSManagedObjectContext.m in Sources */ = {isa = PBXBuildFile; fileRef = 5D460C192C6D26EE0096BC59 /* JMSManagedObjectContext.m */; };
		5D460C2A2C6D26EE0096BC59 /* RXTimer.m in Sources */ = {isa = PBXBuildFile; fileRef = 5D460C1A2C6D26EE0096BC59 /* RXTimer.m */; };
		5D460C2B2C6D26EE0096BC59 /* JMSFetchRequest.m in Sources */ = {isa = PBXBuildFile; fileRef = 5D460C1B2C6D26EE0096BC59 /* JMSFetchRequest.m */; };
		5D460C2C2C6D26EE0096BC59 /* JMSFetchedResultsController.m in Sources */ = {isa = PBXBuildFile; fileRef = 5D460C1C2C6D26EE0096BC59 /* JMSFetchedResultsController.m */; };
		5D460C2D2C6D26EE0096BC59 /* NSPredicate2SQL.m in Sources */ = {isa = PBXBuildFile; fileRef = 5D460C1D2C6D26EE0096BC59 /* NSPredicate2SQL.m */; };
		5D460C2E2C6D26EE0096BC59 /* JMSEntityDescription.swift in Sources */ = {isa = PBXBuildFile; fileRef = 5D460C1E2C6D26EE0096BC59 /* JMSEntityDescription.swift */; };
		5D460C2F2C6D26EE0096BC59 /* MagicalRecordPatch.m in Sources */ = {isa = PBXBuildFile; fileRef = 5D460C1F2C6D26EE0096BC59 /* MagicalRecordPatch.m */; };
		5D460C302C6D26EF0096BC59 /* EasyMappingHelper.swift in Sources */ = {isa = PBXBuildFile; fileRef = 5D460C202C6D26EE0096BC59 /* EasyMappingHelper.swift */; };
		5D460C312C6D26EF0096BC59 /* NSPredicate+SQL.swift in Sources */ = {isa = PBXBuildFile; fileRef = 5D460C212C6D26EE0096BC59 /* NSPredicate+SQL.swift */; };
		5D460C322C6D26EF0096BC59 /* NSDateFormatter+SQL.m in Sources */ = {isa = PBXBuildFile; fileRef = 5D460C262C6D26EE0096BC59 /* NSDateFormatter+SQL.m */; };
		5D460C362C6D28170096BC59 /* JMSOwnerUser.m in Sources */ = {isa = PBXBuildFile; fileRef = 5D460C352C6D28170096BC59 /* JMSOwnerUser.m */; };
		5D460C432C6D28B40096BC59 /* JMSApplicationAssembly.m in Sources */ = {isa = PBXBuildFile; fileRef = 5D460C3F2C6D28B40096BC59 /* JMSApplicationAssembly.m */; };
		5D460C442C6D28B40096BC59 /* JMSDAOAssembly.m in Sources */ = {isa = PBXBuildFile; fileRef = 5D460C422C6D28B40096BC59 /* JMSDAOAssembly.m */; };
		5D460C472C6D28D40096BC59 /* JMSOwnerUserDAO.swift in Sources */ = {isa = PBXBuildFile; fileRef = 5D460C462C6D28D40096BC59 /* JMSOwnerUserDAO.swift */; };
		5D460C492C6D28FD0096BC59 /* JMSBaseDAO.swift in Sources */ = {isa = PBXBuildFile; fileRef = 5D460C482C6D28FD0096BC59 /* JMSBaseDAO.swift */; };
		5D460C4C2C6D29220096BC59 /* JMSAbstractUser.m in Sources */ = {isa = PBXBuildFile; fileRef = 5D460C4B2C6D29220096BC59 /* JMSAbstractUser.m */; };
		5D460C542C6D2CB00096BC59 /* Managers.swift in Sources */ = {isa = PBXBuildFile; fileRef = 5D460C512C6D2CB00096BC59 /* Managers.swift */; };
		5D460C552C6D2CB00096BC59 /* RSSwizzle.m in Sources */ = {isa = PBXBuildFile; fileRef = 5D460C522C6D2CB00096BC59 /* RSSwizzle.m */; };
		5D460C5B2C6D2E380096BC59 /* NSDate+JMSHelper.m in Sources */ = {isa = PBXBuildFile; fileRef = 5D460C582C6D2E380096BC59 /* NSDate+JMSHelper.m */; };
		5D460C5C2C6D2E380096BC59 /* NSDate+Helper.m in Sources */ = {isa = PBXBuildFile; fileRef = 5D460C592C6D2E380096BC59 /* NSDate+Helper.m */; };
		5D5E162A2C6FB482004F9BC2 /* ProfileViewController.storyboard in Resources */ = {isa = PBXBuildFile; fileRef = 5D5E16292C6FB482004F9BC2 /* ProfileViewController.storyboard */; };
		5D5E162C2C6FB497004F9BC2 /* ProfileViewController.swift in Sources */ = {isa = PBXBuildFile; fileRef = 5D5E162B2C6FB497004F9BC2 /* ProfileViewController.swift */; };
		5D5E162F2C6FB9DB004F9BC2 /* JMSNameSurnameViewController.storyboard in Resources */ = {isa = PBXBuildFile; fileRef = 5D5E162E2C6FB9DB004F9BC2 /* JMSNameSurnameViewController.storyboard */; };
		5D5E16312C6FB9E9004F9BC2 /* JMSNameSurnameViewController.swift in Sources */ = {isa = PBXBuildFile; fileRef = 5D5E16302C6FB9E9004F9BC2 /* JMSNameSurnameViewController.swift */; };
		5D5E16342C6FBC20004F9BC2 /* JMSNSInputCell.xib in Resources */ = {isa = PBXBuildFile; fileRef = 5D5E16332C6FBC20004F9BC2 /* JMSNSInputCell.xib */; };
		5D5E16372C6FD600004F9BC2 /* JMSAboutYouViewController.storyboard in Resources */ = {isa = PBXBuildFile; fileRef = 5D5E16362C6FD600004F9BC2 /* JMSAboutYouViewController.storyboard */; };
		5D5E16392C6FD632004F9BC2 /* JMSAboutYouViewController.swift in Sources */ = {isa = PBXBuildFile; fileRef = 5D5E16382C6FD632004F9BC2 /* JMSAboutYouViewController.swift */; };
		5D952A122C6BC8F200D6BF67 /* CountersViewController.storyboard in Resources */ = {isa = PBXBuildFile; fileRef = 5D952A112C6BC8F200D6BF67 /* CountersViewController.storyboard */; };
		5D952A142C6BC90E00D6BF67 /* CountersViewController.swift in Sources */ = {isa = PBXBuildFile; fileRef = 5D952A132C6BC90E00D6BF67 /* CountersViewController.swift */; };
		5DAE543D2C6D34E6003076B1 /* DSCoreData.m in Sources */ = {isa = PBXBuildFile; fileRef = 5DAE543C2C6D34E6003076B1 /* DSCoreData.m */; };
		5DAE54402C6D3532003076B1 /* Singleton.m in Sources */ = {isa = PBXBuildFile; fileRef = 5DAE543E2C6D3532003076B1 /* Singleton.m */; };
		5DAE54432C6D3684003076B1 /* JMSOwnerUser+JMSFactory.m in Sources */ = {isa = PBXBuildFile; fileRef = 5DAE54422C6D3684003076B1 /* JMSOwnerUser+JMSFactory.m */; };
		7924834D23CB7B58003E3D27 /* Assets.xcassets in Resources */ = {isa = PBXBuildFile; fileRef = 7924834C23CB7B58003E3D27 /* Assets.xcassets */; };
		7924835023CB7B58003E3D27 /* LaunchScreen.storyboard in Resources */ = {isa = PBXBuildFile; fileRef = 7924834E23CB7B58003E3D27 /* LaunchScreen.storyboard */; };
		7924836A23CB7BFE003E3D27 /* DatePickerController.swift in Sources */ = {isa = PBXBuildFile; fileRef = 7924836423CB7BFE003E3D27 /* DatePickerController.swift */; };
		7924836B23CB7BFE003E3D27 /* AppDelegate.swift in Sources */ = {isa = PBXBuildFile; fileRef = 7924836523CB7BFE003E3D27 /* AppDelegate.swift */; };
		7924836C23CB7BFE003E3D27 /* CustomCalendarExampleController.swift in Sources */ = {isa = PBXBuildFile; fileRef = 7924836623CB7BFE003E3D27 /* CustomCalendarExampleController.swift */; };
		79EBF686266D4D0900DA9ACA /* CalendarKit in Frameworks */ = {isa = PBXBuildFile; productRef = 79EBF685266D4D0900DA9ACA /* CalendarKit */; };
		C3EB2617296B2D3C00024DB3 /* PhotosViewController.storyboard in Resources */ = {isa = PBXBuildFile; fileRef = C3EB2616296B2D3C00024DB3 /* PhotosViewController.storyboard */; };
		C3EB2619296B2D4E00024DB3 /* PhotosViewController.swift in Sources */ = {isa = PBXBuildFile; fileRef = C3EB2618296B2D4E00024DB3 /* PhotosViewController.swift */; };
/* End PBXBuildFile section */

/* Begin PBXFileReference section */
		5D0218522CB9933800AA9CFC /* JMSItogoViewController.swift */ = {isa = PBXFileReference; lastKnownFileType = sourcecode.swift; path = JMSItogoViewController.swift; sourceTree = "<group>"; };
		5D0218542CB993A600AA9CFC /* JMSItogoViewController.storyboard */ = {isa = PBXFileReference; lastKnownFileType = file.storyboard; path = JMSItogoViewController.storyboard; sourceTree = "<group>"; };
		5D07C52F2CAB09C700951854 /* JMSReligionViewController.swift */ = {isa = PBXFileReference; lastKnownFileType = sourcecode.swift; path = JMSReligionViewController.swift; sourceTree = "<group>"; };
		5D07C5312CAB09F500951854 /* JMSReligionViewController.storyboard */ = {isa = PBXFileReference; lastKnownFileType = file.storyboard; path = JMSReligionViewController.storyboard; sourceTree = "<group>"; };
		5D460C142C6D25570096BC59 /* JMSDatabase.swift */ = {isa = PBXFileReference; fileEncoding = 4; lastKnownFileType = sourcecode.swift; path = JMSDatabase.swift; sourceTree = "<group>"; };
		5D460C162C6D267C0096BC59 /* JMSDAOFactory.swift */ = {isa = PBXFileReference; fileEncoding = 4; lastKnownFileType = sourcecode.swift; path = JMSDAOFactory.swift; sourceTree = "<group>"; };
		5D460C192C6D26EE0096BC59 /* JMSManagedObjectContext.m */ = {isa = PBXFileReference; fileEncoding = 4; lastKnownFileType = sourcecode.c.objc; path = JMSManagedObjectContext.m; sourceTree = "<group>"; };
		5D460C1A2C6D26EE0096BC59 /* RXTimer.m */ = {isa = PBXFileReference; fileEncoding = 4; lastKnownFileType = sourcecode.c.objc; path = RXTimer.m; sourceTree = "<group>"; };
		5D460C1B2C6D26EE0096BC59 /* JMSFetchRequest.m */ = {isa = PBXFileReference; fileEncoding = 4; lastKnownFileType = sourcecode.c.objc; path = JMSFetchRequest.m; sourceTree = "<group>"; };
		5D460C1C2C6D26EE0096BC59 /* JMSFetchedResultsController.m */ = {isa = PBXFileReference; fileEncoding = 4; lastKnownFileType = sourcecode.c.objc; path = JMSFetchedResultsController.m; sourceTree = "<group>"; };
		5D460C1D2C6D26EE0096BC59 /* NSPredicate2SQL.m */ = {isa = PBXFileReference; fileEncoding = 4; lastKnownFileType = sourcecode.c.objc; path = NSPredicate2SQL.m; sourceTree = "<group>"; };
		5D460C1E2C6D26EE0096BC59 /* JMSEntityDescription.swift */ = {isa = PBXFileReference; fileEncoding = 4; lastKnownFileType = sourcecode.swift; path = JMSEntityDescription.swift; sourceTree = "<group>"; };
		5D460C1F2C6D26EE0096BC59 /* MagicalRecordPatch.m */ = {isa = PBXFileReference; fileEncoding = 4; lastKnownFileType = sourcecode.c.objc; path = MagicalRecordPatch.m; sourceTree = "<group>"; };
		5D460C202C6D26EE0096BC59 /* EasyMappingHelper.swift */ = {isa = PBXFileReference; fileEncoding = 4; lastKnownFileType = sourcecode.swift; path = EasyMappingHelper.swift; sourceTree = "<group>"; };
		5D460C212C6D26EE0096BC59 /* NSPredicate+SQL.swift */ = {isa = PBXFileReference; fileEncoding = 4; lastKnownFileType = sourcecode.swift; path = "NSPredicate+SQL.swift"; sourceTree = "<group>"; };
		5D460C222C6D26EE0096BC59 /* JMSFetchRequest.h */ = {isa = PBXFileReference; fileEncoding = 4; lastKnownFileType = sourcecode.c.h; path = JMSFetchRequest.h; sourceTree = "<group>"; };
		5D460C232C6D26EE0096BC59 /* RXTimer.h */ = {isa = PBXFileReference; fileEncoding = 4; lastKnownFileType = sourcecode.c.h; path = RXTimer.h; sourceTree = "<group>"; };
		5D460C242C6D26EE0096BC59 /* JMSManagedObjectContext.h */ = {isa = PBXFileReference; fileEncoding = 4; lastKnownFileType = sourcecode.c.h; path = JMSManagedObjectContext.h; sourceTree = "<group>"; };
		5D460C252C6D26EE0096BC59 /* JMSFetchedResultsController.h */ = {isa = PBXFileReference; fileEncoding = 4; lastKnownFileType = sourcecode.c.h; path = JMSFetchedResultsController.h; sourceTree = "<group>"; };
		5D460C262C6D26EE0096BC59 /* NSDateFormatter+SQL.m */ = {isa = PBXFileReference; fileEncoding = 4; lastKnownFileType = sourcecode.c.objc; path = "NSDateFormatter+SQL.m"; sourceTree = "<group>"; };
		5D460C272C6D26EE0096BC59 /* MagicalRecordPatch.h */ = {isa = PBXFileReference; fileEncoding = 4; lastKnownFileType = sourcecode.c.h; path = MagicalRecordPatch.h; sourceTree = "<group>"; };
		5D460C282C6D26EE0096BC59 /* NSPredicate2SQL.h */ = {isa = PBXFileReference; fileEncoding = 4; lastKnownFileType = sourcecode.c.h; path = NSPredicate2SQL.h; sourceTree = "<group>"; };
		5D460C342C6D28170096BC59 /* JMSOwnerUser.h */ = {isa = PBXFileReference; fileEncoding = 4; lastKnownFileType = sourcecode.c.h; path = JMSOwnerUser.h; sourceTree = "<group>"; };
		5D460C352C6D28170096BC59 /* JMSOwnerUser.m */ = {isa = PBXFileReference; fileEncoding = 4; lastKnownFileType = sourcecode.c.objc; path = JMSOwnerUser.m; sourceTree = "<group>"; };
		5D460C3F2C6D28B40096BC59 /* JMSApplicationAssembly.m */ = {isa = PBXFileReference; fileEncoding = 4; lastKnownFileType = sourcecode.c.objc; path = JMSApplicationAssembly.m; sourceTree = "<group>"; };
		5D460C402C6D28B40096BC59 /* JMSDAOAssembly.h */ = {isa = PBXFileReference; fileEncoding = 4; lastKnownFileType = sourcecode.c.h; path = JMSDAOAssembly.h; sourceTree = "<group>"; };
		5D460C412C6D28B40096BC59 /* JMSApplicationAssembly.h */ = {isa = PBXFileReference; fileEncoding = 4; lastKnownFileType = sourcecode.c.h; path = JMSApplicationAssembly.h; sourceTree = "<group>"; };
		5D460C422C6D28B40096BC59 /* JMSDAOAssembly.m */ = {isa = PBXFileReference; fileEncoding = 4; lastKnownFileType = sourcecode.c.objc; path = JMSDAOAssembly.m; sourceTree = "<group>"; };
		5D460C462C6D28D40096BC59 /* JMSOwnerUserDAO.swift */ = {isa = PBXFileReference; fileEncoding = 4; lastKnownFileType = sourcecode.swift; path = JMSOwnerUserDAO.swift; sourceTree = "<group>"; };
		5D460C482C6D28FD0096BC59 /* JMSBaseDAO.swift */ = {isa = PBXFileReference; fileEncoding = 4; lastKnownFileType = sourcecode.swift; path = JMSBaseDAO.swift; sourceTree = "<group>"; };
		5D460C4A2C6D29220096BC59 /* JMSAbstractUser.h */ = {isa = PBXFileReference; fileEncoding = 4; lastKnownFileType = sourcecode.c.h; path = JMSAbstractUser.h; sourceTree = "<group>"; };
		5D460C4B2C6D29220096BC59 /* JMSAbstractUser.m */ = {isa = PBXFileReference; fileEncoding = 4; lastKnownFileType = sourcecode.c.objc; path = JMSAbstractUser.m; sourceTree = "<group>"; };
		5D460C4F2C6D2AD20096BC59 /* CalendarApp-Bridging-Header.h */ = {isa = PBXFileReference; lastKnownFileType = sourcecode.c.h; path = "CalendarApp-Bridging-Header.h"; sourceTree = "<group>"; };
		5D460C512C6D2CB00096BC59 /* Managers.swift */ = {isa = PBXFileReference; fileEncoding = 4; lastKnownFileType = sourcecode.swift; path = Managers.swift; sourceTree = "<group>"; };
		5D460C522C6D2CB00096BC59 /* RSSwizzle.m */ = {isa = PBXFileReference; fileEncoding = 4; lastKnownFileType = sourcecode.c.objc; path = RSSwizzle.m; sourceTree = "<group>"; };
		5D460C532C6D2CB00096BC59 /* RSSwizzle.h */ = {isa = PBXFileReference; fileEncoding = 4; lastKnownFileType = sourcecode.c.h; path = RSSwizzle.h; sourceTree = "<group>"; };
		5D460C572C6D2E380096BC59 /* NSDate+JMSHelper.h */ = {isa = PBXFileReference; fileEncoding = 4; lastKnownFileType = sourcecode.c.h; path = "NSDate+JMSHelper.h"; sourceTree = "<group>"; };
		5D460C582C6D2E380096BC59 /* NSDate+JMSHelper.m */ = {isa = PBXFileReference; fileEncoding = 4; lastKnownFileType = sourcecode.c.objc; path = "NSDate+JMSHelper.m"; sourceTree = "<group>"; };
		5D460C592C6D2E380096BC59 /* NSDate+Helper.m */ = {isa = PBXFileReference; fileEncoding = 4; lastKnownFileType = sourcecode.c.objc; path = "NSDate+Helper.m"; sourceTree = "<group>"; };
		5D460C5A2C6D2E380096BC59 /* NSDate+Helper.h */ = {isa = PBXFileReference; fileEncoding = 4; lastKnownFileType = sourcecode.c.h; path = "NSDate+Helper.h"; sourceTree = "<group>"; };
		5D460C5D2C6D31FE0096BC59 /* CalendarApp-Prefix.pch */ = {isa = PBXFileReference; lastKnownFileType = sourcecode.c.h; path = "CalendarApp-Prefix.pch"; sourceTree = "<group>"; };
		5D5E16292C6FB482004F9BC2 /* ProfileViewController.storyboard */ = {isa = PBXFileReference; lastKnownFileType = file.storyboard; path = ProfileViewController.storyboard; sourceTree = "<group>"; };
		5D5E162B2C6FB497004F9BC2 /* ProfileViewController.swift */ = {isa = PBXFileReference; lastKnownFileType = sourcecode.swift; path = ProfileViewController.swift; sourceTree = "<group>"; };
		5D5E162E2C6FB9DB004F9BC2 /* JMSNameSurnameViewController.storyboard */ = {isa = PBXFileReference; lastKnownFileType = file.storyboard; path = JMSNameSurnameViewController.storyboard; sourceTree = "<group>"; };
		5D5E16302C6FB9E9004F9BC2 /* JMSNameSurnameViewController.swift */ = {isa = PBXFileReference; lastKnownFileType = sourcecode.swift; path = JMSNameSurnameViewController.swift; sourceTree = "<group>"; };
		5D5E16332C6FBC20004F9BC2 /* JMSNSInputCell.xib */ = {isa = PBXFileReference; lastKnownFileType = file.xib; path = JMSNSInputCell.xib; sourceTree = "<group>"; };
		5D5E16362C6FD600004F9BC2 /* JMSAboutYouViewController.storyboard */ = {isa = PBXFileReference; lastKnownFileType = file.storyboard; path = JMSAboutYouViewController.storyboard; sourceTree = "<group>"; };
		5D5E16382C6FD632004F9BC2 /* JMSAboutYouViewController.swift */ = {isa = PBXFileReference; lastKnownFileType = sourcecode.swift; path = JMSAboutYouViewController.swift; sourceTree = "<group>"; };
		5D952A112C6BC8F200D6BF67 /* CountersViewController.storyboard */ = {isa = PBXFileReference; lastKnownFileType = file.storyboard; path = CountersViewController.storyboard; sourceTree = "<group>"; };
		5D952A132C6BC90E00D6BF67 /* CountersViewController.swift */ = {isa = PBXFileReference; lastKnownFileType = sourcecode.swift; path = CountersViewController.swift; sourceTree = "<group>"; };
		5DAE543B2C6D34E6003076B1 /* DSCoreData.h */ = {isa = PBXFileReference; fileEncoding = 4; lastKnownFileType = sourcecode.c.h; path = DSCoreData.h; sourceTree = "<group>"; };
		5DAE543C2C6D34E6003076B1 /* DSCoreData.m */ = {isa = PBXFileReference; fileEncoding = 4; lastKnownFileType = sourcecode.c.objc; path = DSCoreData.m; sourceTree = "<group>"; };
		5DAE543E2C6D3532003076B1 /* Singleton.m */ = {isa = PBXFileReference; fileEncoding = 4; lastKnownFileType = sourcecode.c.objc; path = Singleton.m; sourceTree = "<group>"; };
		5DAE543F2C6D3532003076B1 /* Singleton.h */ = {isa = PBXFileReference; fileEncoding = 4; lastKnownFileType = sourcecode.c.h; path = Singleton.h; sourceTree = "<group>"; };
		5DAE54412C6D3684003076B1 /* JMSOwnerUser+JMSFactory.h */ = {isa = PBXFileReference; fileEncoding = 4; lastKnownFileType = sourcecode.c.h; path = "JMSOwnerUser+JMSFactory.h"; sourceTree = "<group>"; };
		5DAE54422C6D3684003076B1 /* JMSOwnerUser+JMSFactory.m */ = {isa = PBXFileReference; fileEncoding = 4; lastKnownFileType = sourcecode.c.objc; path = "JMSOwnerUser+JMSFactory.m"; sourceTree = "<group>"; };
		7924834023CB7B57003E3D27 /* CalendarApp.app */ = {isa = PBXFileReference; explicitFileType = wrapper.application; includeInIndex = 0; path = CalendarApp.app; sourceTree = BUILT_PRODUCTS_DIR; };
		7924834C23CB7B58003E3D27 /* Assets.xcassets */ = {isa = PBXFileReference; lastKnownFileType = folder.assetcatalog; path = Assets.xcassets; sourceTree = "<group>"; };
		7924834F23CB7B58003E3D27 /* Base */ = {isa = PBXFileReference; lastKnownFileType = file.storyboard; name = Base; path = Base.lproj/LaunchScreen.storyboard; sourceTree = "<group>"; };
		7924835123CB7B58003E3D27 /* Info.plist */ = {isa = PBXFileReference; lastKnownFileType = text.plist.xml; path = Info.plist; sourceTree = "<group>"; };
		7924836423CB7BFE003E3D27 /* DatePickerController.swift */ = {isa = PBXFileReference; fileEncoding = 4; lastKnownFileType = sourcecode.swift; path = DatePickerController.swift; sourceTree = "<group>"; };
		7924836523CB7BFE003E3D27 /* AppDelegate.swift */ = {isa = PBXFileReference; fileEncoding = 4; lastKnownFileType = sourcecode.swift; path = AppDelegate.swift; sourceTree = "<group>"; };
		7924836623CB7BFE003E3D27 /* CustomCalendarExampleController.swift */ = {isa = PBXFileReference; fileEncoding = 4; indentWidth = 2; lastKnownFileType = sourcecode.swift; path = CustomCalendarExampleController.swift; sourceTree = "<group>"; tabWidth = 2; };
		A223D8E39EB8C7A25F4E823A /* Pods_CalendarApp.framework */ = {isa = PBXFileReference; explicitFileType = wrapper.framework; includeInIndex = 0; path = Pods_CalendarApp.framework; sourceTree = BUILT_PRODUCTS_DIR; };
		B9AA9C00B26E36DF4A5997EB /* Pods-CalendarApp.debug.xcconfig */ = {isa = PBXFileReference; includeInIndex = 1; lastKnownFileType = text.xcconfig; name = "Pods-CalendarApp.debug.xcconfig"; path = "Target Support Files/Pods-CalendarApp/Pods-CalendarApp.debug.xcconfig"; sourceTree = "<group>"; };
		C3EB2616296B2D3C00024DB3 /* PhotosViewController.storyboard */ = {isa = PBXFileReference; lastKnownFileType = file.storyboard; path = PhotosViewController.storyboard; sourceTree = "<group>"; };
		C3EB2618296B2D4E00024DB3 /* PhotosViewController.swift */ = {isa = PBXFileReference; lastKnownFileType = sourcecode.swift; path = PhotosViewController.swift; sourceTree = "<group>"; };
		C3EB26FF296B30BF00024DB3 /* Podfile */ = {isa = PBXFileReference; lastKnownFileType = text; path = Podfile; sourceTree = SOURCE_ROOT; xcLanguageSpecificationIdentifier = xcode.lang.ruby; };
		D21F80F61C6397933150D742 /* Pods-CalendarApp.release.xcconfig */ = {isa = PBXFileReference; includeInIndex = 1; lastKnownFileType = text.xcconfig; name = "Pods-CalendarApp.release.xcconfig"; path = "Target Support Files/Pods-CalendarApp/Pods-CalendarApp.release.xcconfig"; sourceTree = "<group>"; };
/* End PBXFileReference section */

/* Begin PBXFrameworksBuildPhase section */
		7924833D23CB7B57003E3D27 /* Frameworks */ = {
			isa = PBXFrameworksBuildPhase;
			buildActionMask = 2147483647;
			files = (
				79EBF686266D4D0900DA9ACA /* CalendarKit in Frameworks */,
				44B7FBB805D7BFC9DFBE897B /* Pods_CalendarApp.framework in Frameworks */,
			);
			runOnlyForDeploymentPostprocessing = 0;
		};
/* End PBXFrameworksBuildPhase section */

/* Begin PBXGroup section */
		5D02184B2CB991E100AA9CFC /* JMSItogoViewController */ = {
			isa = PBXGroup;
			children = (
				5D0218522CB9933800AA9CFC /* JMSItogoViewController.swift */,
				5D0218542CB993A600AA9CFC /* JMSItogoViewController.storyboard */,
			);
			path = JMSItogoViewController;
			sourceTree = "<group>";
		};
		5D07C52C2CAB093300951854 /* JMSReligionViewController */ = {
			isa = PBXGroup;
			children = (
				5D07C52F2CAB09C700951854 /* JMSReligionViewController.swift */,
				5D07C5312CAB09F500951854 /* JMSReligionViewController.storyboard */,
			);
			path = JMSReligionViewController;
			sourceTree = "<group>";
		};
		5D460C132C6D249C0096BC59 /* Database */ = {
			isa = PBXGroup;
			children = (
				5DAE543A2C6D34DC003076B1 /* Other */,
				5D460C452C6D28B80096BC59 /* DAOs */,
				5D460C3E2C6D28B40096BC59 /* Assemblies */,
				5D460C332C6D27F10096BC59 /* Model */,
				5D460C182C6D26EE0096BC59 /* AntiCoreData */,
				5D460C162C6D267C0096BC59 /* JMSDAOFactory.swift */,
				5D460C142C6D25570096BC59 /* JMSDatabase.swift */,
			);
			path = Database;
			sourceTree = "<group>";
		};
		5D460C182C6D26EE0096BC59 /* AntiCoreData */ = {
			isa = PBXGroup;
			children = (
				5D460C192C6D26EE0096BC59 /* JMSManagedObjectContext.m */,
				5D460C1A2C6D26EE0096BC59 /* RXTimer.m */,
				5D460C1B2C6D26EE0096BC59 /* JMSFetchRequest.m */,
				5D460C1C2C6D26EE0096BC59 /* JMSFetchedResultsController.m */,
				5D460C1D2C6D26EE0096BC59 /* NSPredicate2SQL.m */,
				5D460C1E2C6D26EE0096BC59 /* JMSEntityDescription.swift */,
				5D460C1F2C6D26EE0096BC59 /* MagicalRecordPatch.m */,
				5D460C202C6D26EE0096BC59 /* EasyMappingHelper.swift */,
				5D460C212C6D26EE0096BC59 /* NSPredicate+SQL.swift */,
				5D460C222C6D26EE0096BC59 /* JMSFetchRequest.h */,
				5D460C232C6D26EE0096BC59 /* RXTimer.h */,
				5D460C242C6D26EE0096BC59 /* JMSManagedObjectContext.h */,
				5D460C252C6D26EE0096BC59 /* JMSFetchedResultsController.h */,
				5D460C262C6D26EE0096BC59 /* NSDateFormatter+SQL.m */,
				5D460C272C6D26EE0096BC59 /* MagicalRecordPatch.h */,
				5D460C282C6D26EE0096BC59 /* NSPredicate2SQL.h */,
			);
			path = AntiCoreData;
			sourceTree = "<group>";
		};
		5D460C332C6D27F10096BC59 /* Model */ = {
			isa = PBXGroup;
			children = (
				5DAE54412C6D3684003076B1 /* JMSOwnerUser+JMSFactory.h */,
				5DAE54422C6D3684003076B1 /* JMSOwnerUser+JMSFactory.m */,
				5D460C4A2C6D29220096BC59 /* JMSAbstractUser.h */,
				5D460C4B2C6D29220096BC59 /* JMSAbstractUser.m */,
				5D460C342C6D28170096BC59 /* JMSOwnerUser.h */,
				5D460C352C6D28170096BC59 /* JMSOwnerUser.m */,
			);
			path = Model;
			sourceTree = "<group>";
		};
		5D460C3E2C6D28B40096BC59 /* Assemblies */ = {
			isa = PBXGroup;
			children = (
				5D460C3F2C6D28B40096BC59 /* JMSApplicationAssembly.m */,
				5D460C412C6D28B40096BC59 /* JMSApplicationAssembly.h */,
				5D460C422C6D28B40096BC59 /* JMSDAOAssembly.m */,
				5D460C402C6D28B40096BC59 /* JMSDAOAssembly.h */,
			);
			path = Assemblies;
			sourceTree = "<group>";
		};
		5D460C452C6D28B80096BC59 /* DAOs */ = {
			isa = PBXGroup;
			children = (
				5D460C482C6D28FD0096BC59 /* JMSBaseDAO.swift */,
				5D460C462C6D28D40096BC59 /* JMSOwnerUserDAO.swift */,
			);
			path = DAOs;
			sourceTree = "<group>";
		};
		5D460C4D2C6D2A1A0096BC59 /* Resources */ = {
			isa = PBXGroup;
			children = (
				5D460C4F2C6D2AD20096BC59 /* CalendarApp-Bridging-Header.h */,
			);
			path = Resources;
			sourceTree = "<group>";
		};
		5D460C502C6D2C9E0096BC59 /* Managers */ = {
			isa = PBXGroup;
			children = (
				5D460C512C6D2CB00096BC59 /* Managers.swift */,
				5D460C532C6D2CB00096BC59 /* RSSwizzle.h */,
				5D460C522C6D2CB00096BC59 /* RSSwizzle.m */,
			);
			path = Managers;
			sourceTree = "<group>";
		};
		5D460C562C6D2E0F0096BC59 /* Support */ = {
			isa = PBXGroup;
			children = (
				5DAE543F2C6D3532003076B1 /* Singleton.h */,
				5DAE543E2C6D3532003076B1 /* Singleton.m */,
				5D460C5D2C6D31FE0096BC59 /* CalendarApp-Prefix.pch */,
				5D460C5A2C6D2E380096BC59 /* NSDate+Helper.h */,
				5D460C592C6D2E380096BC59 /* NSDate+Helper.m */,
				5D460C572C6D2E380096BC59 /* NSDate+JMSHelper.h */,
				5D460C582C6D2E380096BC59 /* NSDate+JMSHelper.m */,
			);
			path = Support;
			sourceTree = "<group>";
		};
		5D5E16272C6FB41A004F9BC2 /* Profile */ = {
			isa = PBXGroup;
			children = (
				5D02184B2CB991E100AA9CFC /* JMSItogoViewController */,
				5D07C52C2CAB093300951854 /* JMSReligionViewController */,
				5D5E16352C6FD5A1004F9BC2 /* JMSAboutYouViewController */,
				5D5E162D2C6FB9CA004F9BC2 /* JMSNameSurnameViewController */,
				5D5E16282C6FB421004F9BC2 /* ProfileViewController */,
			);
			path = Profile;
			sourceTree = "<group>";
		};
		5D5E16282C6FB421004F9BC2 /* ProfileViewController */ = {
			isa = PBXGroup;
			children = (
				5D5E16292C6FB482004F9BC2 /* ProfileViewController.storyboard */,
				5D5E162B2C6FB497004F9BC2 /* ProfileViewController.swift */,
			);
			path = ProfileViewController;
			sourceTree = "<group>";
		};
		5D5E162D2C6FB9CA004F9BC2 /* JMSNameSurnameViewController */ = {
			isa = PBXGroup;
			children = (
				5D5E162E2C6FB9DB004F9BC2 /* JMSNameSurnameViewController.storyboard */,
				5D5E16302C6FB9E9004F9BC2 /* JMSNameSurnameViewController.swift */,
			);
			path = JMSNameSurnameViewController;
			sourceTree = "<group>";
		};
		5D5E16322C6FBB7E004F9BC2 /* Cells */ = {
			isa = PBXGroup;
			children = (
				5D5E16332C6FBC20004F9BC2 /* JMSNSInputCell.xib */,
			);
			path = Cells;
			sourceTree = "<group>";
		};
		5D5E16352C6FD5A1004F9BC2 /* JMSAboutYouViewController */ = {
			isa = PBXGroup;
			children = (
				5D5E16362C6FD600004F9BC2 /* JMSAboutYouViewController.storyboard */,
				5D5E16382C6FD632004F9BC2 /* JMSAboutYouViewController.swift */,
			);
			path = JMSAboutYouViewController;
			sourceTree = "<group>";
		};
		5D952A0E2C6BC8CE00D6BF67 /* UI */ = {
			isa = PBXGroup;
			children = (
				5D5E16322C6FBB7E004F9BC2 /* Cells */,
				5D952A0F2C6BC8D600D6BF67 /* ViewControllers */,
			);
			path = UI;
			sourceTree = "<group>";
		};
		5D952A0F2C6BC8D600D6BF67 /* ViewControllers */ = {
			isa = PBXGroup;
			children = (
				5D5E16272C6FB41A004F9BC2 /* Profile */,
				5D952A102C6BC8DF00D6BF67 /* CountersViewController */,
			);
			path = ViewControllers;
			sourceTree = "<group>";
		};
		5D952A102C6BC8DF00D6BF67 /* CountersViewController */ = {
			isa = PBXGroup;
			children = (
				5D952A112C6BC8F200D6BF67 /* CountersViewController.storyboard */,
				5D952A132C6BC90E00D6BF67 /* CountersViewController.swift */,
			);
			path = CountersViewController;
			sourceTree = "<group>";
		};
		5DAE543A2C6D34DC003076B1 /* Other */ = {
			isa = PBXGroup;
			children = (
				5DAE543B2C6D34E6003076B1 /* DSCoreData.h */,
				5DAE543C2C6D34E6003076B1 /* DSCoreData.m */,
			);
			path = Other;
			sourceTree = "<group>";
		};
		7924833723CB7B57003E3D27 = {
			isa = PBXGroup;
			children = (
				7924834223CB7B57003E3D27 /* CalendarApp */,
				7924834123CB7B57003E3D27 /* Products */,
				D2B9A4777F5DB09BCFA26C1E /* Frameworks */,
				A4BC8BF1FF2FECE62E2C1DE3 /* Pods */,
			);
			sourceTree = "<group>";
		};
		7924834123CB7B57003E3D27 /* Products */ = {
			isa = PBXGroup;
			children = (
				7924834023CB7B57003E3D27 /* CalendarApp.app */,
			);
			name = Products;
			sourceTree = "<group>";
		};
		7924834223CB7B57003E3D27 /* CalendarApp */ = {
			isa = PBXGroup;
			children = (
				5D460C562C6D2E0F0096BC59 /* Support */,
				5D460C502C6D2C9E0096BC59 /* Managers */,
				5D460C4D2C6D2A1A0096BC59 /* Resources */,
				5D460C132C6D249C0096BC59 /* Database */,
				5D952A0E2C6BC8CE00D6BF67 /* UI */,
				C3EB26FF296B30BF00024DB3 /* Podfile */,
				7924836523CB7BFE003E3D27 /* AppDelegate.swift */,
				7924836623CB7BFE003E3D27 /* CustomCalendarExampleController.swift */,
				7924836423CB7BFE003E3D27 /* DatePickerController.swift */,
				7924834C23CB7B58003E3D27 /* Assets.xcassets */,
				7924834E23CB7B58003E3D27 /* LaunchScreen.storyboard */,
				7924835123CB7B58003E3D27 /* Info.plist */,
				C3EB2616296B2D3C00024DB3 /* PhotosViewController.storyboard */,
				C3EB2618296B2D4E00024DB3 /* PhotosViewController.swift */,
			);
			path = CalendarApp;
			sourceTree = "<group>";
		};
		A4BC8BF1FF2FECE62E2C1DE3 /* Pods */ = {
			isa = PBXGroup;
			children = (
				B9AA9C00B26E36DF4A5997EB /* Pods-CalendarApp.debug.xcconfig */,
				D21F80F61C6397933150D742 /* Pods-CalendarApp.release.xcconfig */,
			);
			path = Pods;
			sourceTree = "<group>";
		};
		D2B9A4777F5DB09BCFA26C1E /* Frameworks */ = {
			isa = PBXGroup;
			children = (
				A223D8E39EB8C7A25F4E823A /* Pods_CalendarApp.framework */,
			);
			name = Frameworks;
			sourceTree = "<group>";
		};
/* End PBXGroup section */

/* Begin PBXNativeTarget section */
		7924833F23CB7B57003E3D27 /* CalendarApp */ = {
			isa = PBXNativeTarget;
			buildConfigurationList = 7924835423CB7B58003E3D27 /* Build configuration list for PBXNativeTarget "CalendarApp" */;
			buildPhases = (
				1338E2664237F0505365E7B9 /* [CP] Check Pods Manifest.lock */,
				7924833C23CB7B57003E3D27 /* Sources */,
				7924833D23CB7B57003E3D27 /* Frameworks */,
				7924833E23CB7B57003E3D27 /* Resources */,
				D2C49E24B76926629C0A4467 /* [CP] Embed Pods Frameworks */,
			);
			buildRules = (
			);
			dependencies = (
			);
			name = CalendarApp;
			packageProductDependencies = (
				79EBF685266D4D0900DA9ACA /* CalendarKit */,
			);
			productName = CalendarApp;
			productReference = 7924834023CB7B57003E3D27 /* CalendarApp.app */;
			productType = "com.apple.product-type.application";
		};
/* End PBXNativeTarget section */

/* Begin PBXProject section */
		7924833823CB7B57003E3D27 /* Project object */ = {
			isa = PBXProject;
			attributes = {
				CLASSPREFIX = JMS;
				LastSwiftUpdateCheck = 1130;
				LastUpgradeCheck = 1220;
				ORGANIZATIONNAME = "Richard Topchii";
				TargetAttributes = {
					7924833F23CB7B57003E3D27 = {
						CreatedOnToolsVersion = 11.3;
						LastSwiftMigration = 1130;
					};
				};
			};
			buildConfigurationList = 7924833B23CB7B57003E3D27 /* Build configuration list for PBXProject "CalendarApp" */;
			compatibilityVersion = "Xcode 11.0";
			developmentRegion = en;
			hasScannedForEncodings = 0;
			knownRegions = (
				en,
				Base,
				de,
				ar,
				"zh-Hans",
				ja,
				fa,
				nb,
				es,
				da,
				it,
				bg,
				sv,
				cs,
				km,
				ko,
				"zh-Hant",
				"km-KH",
				tr,
				pl,
				"pt-BR",
				vi,
				ru,
				fr,
				id,
				nl,
				th,
				"pt-PT",
				ro,
			);
			mainGroup = 7924833723CB7B57003E3D27;
			packageReferences = (
				79EBF684266D4D0900DA9ACA /* XCRemoteSwiftPackageReference "CalendarKit" */,
			);
			productRefGroup = 7924834123CB7B57003E3D27 /* Products */;
			projectDirPath = "";
			projectRoot = "";
			targets = (
				7924833F23CB7B57003E3D27 /* CalendarApp */,
			);
		};
/* End PBXProject section */

/* Begin PBXResourcesBuildPhase section */
		7924833E23CB7B57003E3D27 /* Resources */ = {
			isa = PBXResourcesBuildPhase;
			buildActionMask = 2147483647;
			files = (
				5D5E16342C6FBC20004F9BC2 /* JMSNSInputCell.xib in Resources */,
				5D0218552CB993A600AA9CFC /* JMSItogoViewController.storyboard in Resources */,
				C3EB2617296B2D3C00024DB3 /* PhotosViewController.storyboard in Resources */,
				7924835023CB7B58003E3D27 /* LaunchScreen.storyboard in Resources */,
				5D952A122C6BC8F200D6BF67 /* CountersViewController.storyboard in Resources */,
				5D5E16372C6FD600004F9BC2 /* JMSAboutYouViewController.storyboard in Resources */,
				5D07C5322CAB09F500951854 /* JMSReligionViewController.storyboard in Resources */,
				7924834D23CB7B58003E3D27 /* Assets.xcassets in Resources */,
				5D5E162A2C6FB482004F9BC2 /* ProfileViewController.storyboard in Resources */,
				5D5E162F2C6FB9DB004F9BC2 /* JMSNameSurnameViewController.storyboard in Resources */,
			);
			runOnlyForDeploymentPostprocessing = 0;
		};
/* End PBXResourcesBuildPhase section */

/* Begin PBXShellScriptBuildPhase section */
		1338E2664237F0505365E7B9 /* [CP] Check Pods Manifest.lock */ = {
			isa = PBXShellScriptBuildPhase;
			buildActionMask = 2147483647;
			files = (
			);
			inputFileListPaths = (
			);
			inputPaths = (
				"${PODS_PODFILE_DIR_PATH}/Podfile.lock",
				"${PODS_ROOT}/Manifest.lock",
			);
			name = "[CP] Check Pods Manifest.lock";
			outputFileListPaths = (
			);
			outputPaths = (
				"$(DERIVED_FILE_DIR)/Pods-CalendarApp-checkManifestLockResult.txt",
			);
			runOnlyForDeploymentPostprocessing = 0;
			shellPath = /bin/sh;
			shellScript = "diff \"${PODS_PODFILE_DIR_PATH}/Podfile.lock\" \"${PODS_ROOT}/Manifest.lock\" > /dev/null\nif [ $? != 0 ] ; then\n    # print error to STDERR\n    echo \"error: The sandbox is not in sync with the Podfile.lock. Run 'pod install' or update your CocoaPods installation.\" >&2\n    exit 1\nfi\n# This output is used by Xcode 'outputs' to avoid re-running this script phase.\necho \"SUCCESS\" > \"${SCRIPT_OUTPUT_FILE_0}\"\n";
			showEnvVarsInLog = 0;
		};
		D2C49E24B76926629C0A4467 /* [CP] Embed Pods Frameworks */ = {
			isa = PBXShellScriptBuildPhase;
			buildActionMask = 2147483647;
			files = (
			);
			inputFileListPaths = (
				"${PODS_ROOT}/Target Support Files/Pods-CalendarApp/Pods-CalendarApp-frameworks-${CONFIGURATION}-input-files.xcfilelist",
			);
			name = "[CP] Embed Pods Frameworks";
			outputFileListPaths = (
				"${PODS_ROOT}/Target Support Files/Pods-CalendarApp/Pods-CalendarApp-frameworks-${CONFIGURATION}-output-files.xcfilelist",
			);
			runOnlyForDeploymentPostprocessing = 0;
			shellPath = /bin/sh;
			shellScript = "\"${PODS_ROOT}/Target Support Files/Pods-CalendarApp/Pods-CalendarApp-frameworks.sh\"\n";
			showEnvVarsInLog = 0;
		};
/* End PBXShellScriptBuildPhase section */

/* Begin PBXSourcesBuildPhase section */
		7924833C23CB7B57003E3D27 /* Sources */ = {
			isa = PBXSourcesBuildPhase;
			buildActionMask = 2147483647;
			files = (
				7924836B23CB7BFE003E3D27 /* AppDelegate.swift in Sources */,
				5D460C152C6D25570096BC59 /* JMSDatabase.swift in Sources */,
				C3EB2619296B2D4E00024DB3 /* PhotosViewController.swift in Sources */,
				5D460C2E2C6D26EE0096BC59 /* JMSEntityDescription.swift in Sources */,
				5D07C5302CAB09C700951854 /* JMSReligionViewController.swift in Sources */,
				5D460C2B2C6D26EE0096BC59 /* JMSFetchRequest.m in Sources */,
				5DAE54432C6D3684003076B1 /* JMSOwnerUser+JMSFactory.m in Sources */,
				5D460C2C2C6D26EE0096BC59 /* JMSFetchedResultsController.m in Sources */,
				7924836C23CB7BFE003E3D27 /* CustomCalendarExampleController.swift in Sources */,
				7924836A23CB7BFE003E3D27 /* DatePickerController.swift in Sources */,
				5D460C552C6D2CB00096BC59 /* RSSwizzle.m in Sources */,
				5D5E16312C6FB9E9004F9BC2 /* JMSNameSurnameViewController.swift in Sources */,
				5D460C2F2C6D26EE0096BC59 /* MagicalRecordPatch.m in Sources */,
				5D460C302C6D26EF0096BC59 /* EasyMappingHelper.swift in Sources */,
				5D5E162C2C6FB497004F9BC2 /* ProfileViewController.swift in Sources */,
				5DAE54402C6D3532003076B1 /* Singleton.m in Sources */,
				5D460C322C6D26EF0096BC59 /* NSDateFormatter+SQL.m in Sources */,
				5D952A142C6BC90E00D6BF67 /* CountersViewController.swift in Sources */,
				5DAE543D2C6D34E6003076B1 /* DSCoreData.m in Sources */,
				5D460C2D2C6D26EE0096BC59 /* NSPredicate2SQL.m in Sources */,
				5D460C442C6D28B40096BC59 /* JMSDAOAssembly.m in Sources */,
				5D460C492C6D28FD0096BC59 /* JMSBaseDAO.swift in Sources */,
				5D460C172C6D267C0096BC59 /* JMSDAOFactory.swift in Sources */,
				5D460C312C6D26EF0096BC59 /* NSPredicate+SQL.swift in Sources */,
				5D460C472C6D28D40096BC59 /* JMSOwnerUserDAO.swift in Sources */,
				5D460C292C6D26EE0096BC59 /* JMSManagedObjectContext.m in Sources */,
				5D460C2A2C6D26EE0096BC59 /* RXTimer.m in Sources */,
				5D5E16392C6FD632004F9BC2 /* JMSAboutYouViewController.swift in Sources */,
				5D460C5C2C6D2E380096BC59 /* NSDate+Helper.m in Sources */,
				5D460C5B2C6D2E380096BC59 /* NSDate+JMSHelper.m in Sources */,
				5D460C432C6D28B40096BC59 /* JMSApplicationAssembly.m in Sources */,
				5D460C4C2C6D29220096BC59 /* JMSAbstractUser.m in Sources */,
				5D460C362C6D28170096BC59 /* JMSOwnerUser.m in Sources */,
				5D0218532CB9933800AA9CFC /* JMSItogoViewController.swift in Sources */,
				5D460C542C6D2CB00096BC59 /* Managers.swift in Sources */,
			);
			runOnlyForDeploymentPostprocessing = 0;
		};
/* End PBXSourcesBuildPhase section */

/* Begin PBXVariantGroup section */
		7924834E23CB7B58003E3D27 /* LaunchScreen.storyboard */ = {
			isa = PBXVariantGroup;
			children = (
				7924834F23CB7B58003E3D27 /* Base */,
			);
			name = LaunchScreen.storyboard;
			sourceTree = "<group>";
		};
/* End PBXVariantGroup section */

/* Begin XCBuildConfiguration section */
		7924835223CB7B58003E3D27 /* Debug */ = {
			isa = XCBuildConfiguration;
			buildSettings = {
				ALWAYS_SEARCH_USER_PATHS = NO;
				CLANG_ANALYZER_NONNULL = YES;
				CLANG_ANALYZER_NUMBER_OBJECT_CONVERSION = YES_AGGRESSIVE;
				CLANG_CXX_LANGUAGE_STANDARD = "gnu++14";
				CLANG_CXX_LIBRARY = "libc++";
				CLANG_ENABLE_MODULES = YES;
				CLANG_ENABLE_OBJC_ARC = YES;
				CLANG_ENABLE_OBJC_WEAK = YES;
				CLANG_WARN_BLOCK_CAPTURE_AUTORELEASING = YES;
				CLANG_WARN_BOOL_CONVERSION = YES;
				CLANG_WARN_COMMA = YES;
				CLANG_WARN_CONSTANT_CONVERSION = YES;
				CLANG_WARN_DEPRECATED_OBJC_IMPLEMENTATIONS = YES;
				CLANG_WARN_DIRECT_OBJC_ISA_USAGE = YES_ERROR;
				CLANG_WARN_DOCUMENTATION_COMMENTS = YES;
				CLANG_WARN_EMPTY_BODY = YES;
				CLANG_WARN_ENUM_CONVERSION = YES;
				CLANG_WARN_INFINITE_RECURSION = YES;
				CLANG_WARN_INT_CONVERSION = YES;
				CLANG_WARN_NON_LITERAL_NULL_CONVERSION = YES;
				CLANG_WARN_OBJC_IMPLICIT_RETAIN_SELF = YES;
				CLANG_WARN_OBJC_LITERAL_CONVERSION = YES;
				CLANG_WARN_OBJC_ROOT_CLASS = YES_ERROR;
				CLANG_WARN_QUOTED_INCLUDE_IN_FRAMEWORK_HEADER = YES;
				CLANG_WARN_RANGE_LOOP_ANALYSIS = YES;
				CLANG_WARN_STRICT_PROTOTYPES = YES;
				CLANG_WARN_SUSPICIOUS_MOVE = YES;
				CLANG_WARN_UNGUARDED_AVAILABILITY = YES_AGGRESSIVE;
				CLANG_WARN_UNREACHABLE_CODE = YES;
				CLANG_WARN__DUPLICATE_METHOD_MATCH = YES;
				COPY_PHASE_STRIP = NO;
				DEBUG_INFORMATION_FORMAT = dwarf;
				ENABLE_STRICT_OBJC_MSGSEND = YES;
				ENABLE_TESTABILITY = YES;
				GCC_C_LANGUAGE_STANDARD = gnu11;
				GCC_DYNAMIC_NO_PIC = NO;
				GCC_NO_COMMON_BLOCKS = YES;
				GCC_OPTIMIZATION_LEVEL = 0;
				GCC_PREPROCESSOR_DEFINITIONS = (
					"DEBUG=1",
					"$(inherited)",
				);
				GCC_WARN_64_TO_32_BIT_CONVERSION = YES;
				GCC_WARN_ABOUT_RETURN_TYPE = YES_ERROR;
				GCC_WARN_UNDECLARED_SELECTOR = YES;
				GCC_WARN_UNINITIALIZED_AUTOS = YES_AGGRESSIVE;
				GCC_WARN_UNUSED_FUNCTION = YES;
				GCC_WARN_UNUSED_VARIABLE = YES;
				IPHONEOS_DEPLOYMENT_TARGET = 13.2;
				MTL_ENABLE_DEBUG_INFO = INCLUDE_SOURCE;
				MTL_FAST_MATH = YES;
				ONLY_ACTIVE_ARCH = YES;
				SDKROOT = iphoneos;
				SWIFT_ACTIVE_COMPILATION_CONDITIONS = DEBUG;
				SWIFT_OPTIMIZATION_LEVEL = "-Onone";
			};
			name = Debug;
		};
		7924835323CB7B58003E3D27 /* Release */ = {
			isa = XCBuildConfiguration;
			buildSettings = {
				ALWAYS_SEARCH_USER_PATHS = NO;
				CLANG_ANALYZER_NONNULL = YES;
				CLANG_ANALYZER_NUMBER_OBJECT_CONVERSION = YES_AGGRESSIVE;
				CLANG_CXX_LANGUAGE_STANDARD = "gnu++14";
				CLANG_CXX_LIBRARY = "libc++";
				CLANG_ENABLE_MODULES = YES;
				CLANG_ENABLE_OBJC_ARC = YES;
				CLANG_ENABLE_OBJC_WEAK = YES;
				CLANG_WARN_BLOCK_CAPTURE_AUTORELEASING = YES;
				CLANG_WARN_BOOL_CONVERSION = YES;
				CLANG_WARN_COMMA = YES;
				CLANG_WARN_CONSTANT_CONVERSION = YES;
				CLANG_WARN_DEPRECATED_OBJC_IMPLEMENTATIONS = YES;
				CLANG_WARN_DIRECT_OBJC_ISA_USAGE = YES_ERROR;
				CLANG_WARN_DOCUMENTATION_COMMENTS = YES;
				CLANG_WARN_EMPTY_BODY = YES;
				CLANG_WARN_ENUM_CONVERSION = YES;
				CLANG_WARN_INFINITE_RECURSION = YES;
				CLANG_WARN_INT_CONVERSION = YES;
				CLANG_WARN_NON_LITERAL_NULL_CONVERSION = YES;
				CLANG_WARN_OBJC_IMPLICIT_RETAIN_SELF = YES;
				CLANG_WARN_OBJC_LITERAL_CONVERSION = YES;
				CLANG_WARN_OBJC_ROOT_CLASS = YES_ERROR;
				CLANG_WARN_QUOTED_INCLUDE_IN_FRAMEWORK_HEADER = YES;
				CLANG_WARN_RANGE_LOOP_ANALYSIS = YES;
				CLANG_WARN_STRICT_PROTOTYPES = YES;
				CLANG_WARN_SUSPICIOUS_MOVE = YES;
				CLANG_WARN_UNGUARDED_AVAILABILITY = YES_AGGRESSIVE;
				CLANG_WARN_UNREACHABLE_CODE = YES;
				CLANG_WARN__DUPLICATE_METHOD_MATCH = YES;
				COPY_PHASE_STRIP = NO;
				DEBUG_INFORMATION_FORMAT = "dwarf-with-dsym";
				ENABLE_NS_ASSERTIONS = NO;
				ENABLE_STRICT_OBJC_MSGSEND = YES;
				GCC_C_LANGUAGE_STANDARD = gnu11;
				GCC_NO_COMMON_BLOCKS = YES;
				GCC_WARN_64_TO_32_BIT_CONVERSION = YES;
				GCC_WARN_ABOUT_RETURN_TYPE = YES_ERROR;
				GCC_WARN_UNDECLARED_SELECTOR = YES;
				GCC_WARN_UNINITIALIZED_AUTOS = YES_AGGRESSIVE;
				GCC_WARN_UNUSED_FUNCTION = YES;
				GCC_WARN_UNUSED_VARIABLE = YES;
				IPHONEOS_DEPLOYMENT_TARGET = 13.2;
				MTL_ENABLE_DEBUG_INFO = NO;
				MTL_FAST_MATH = YES;
				SDKROOT = iphoneos;
				SWIFT_COMPILATION_MODE = wholemodule;
				SWIFT_OPTIMIZATION_LEVEL = "-O";
				VALIDATE_PRODUCT = YES;
			};
			name = Release;
		};
		7924835523CB7B58003E3D27 /* Debug */ = {
			isa = XCBuildConfiguration;
			baseConfigurationReference = B9AA9C00B26E36DF4A5997EB /* Pods-CalendarApp.debug.xcconfig */;
			buildSettings = {
				ASSETCATALOG_COMPILER_APPICON_NAME = AppIcon;
				CLANG_ENABLE_MODULES = YES;
				"CODE_SIGN_IDENTITY[sdk=iphoneos*]" = "iPhone Developer";
				CODE_SIGN_STYLE = Manual;
				DEVELOPMENT_TEAM = "";
				"DEVELOPMENT_TEAM[sdk=iphoneos*]" = JKTMVMQ362;
				GCC_PREFIX_HEADER = "CalendarApp/Support/CalendarApp-Prefix.pch";
				INFOPLIST_FILE = CalendarApp/Info.plist;
				IPHONEOS_DEPLOYMENT_TARGET = 15.0;
				LD_RUNPATH_SEARCH_PATHS = (
					"$(inherited)",
					"@executable_path/Frameworks",
				);
				PRODUCT_BUNDLE_IDENTIFIER = "ru.jam-soft.CalendarApp";
				PRODUCT_NAME = "$(TARGET_NAME)";
				PROVISIONING_PROFILE_SPECIFIER = "";
				"PROVISIONING_PROFILE_SPECIFIER[sdk=iphoneos*]" = "CalendarApp-dev";
				SWIFT_OBJC_BRIDGING_HEADER = "CalendarApp/Resources/CalendarApp-Bridging-Header.h";
				SWIFT_OPTIMIZATION_LEVEL = "-Onone";
				SWIFT_VERSION = 5.0;
				TARGETED_DEVICE_FAMILY = "1,2";
			};
			name = Debug;
		};
		7924835623CB7B58003E3D27 /* Release */ = {
			isa = XCBuildConfiguration;
			baseConfigurationReference = D21F80F61C6397933150D742 /* Pods-CalendarApp.release.xcconfig */;
			buildSettings = {
				ASSETCATALOG_COMPILER_APPICON_NAME = AppIcon;
				CLANG_ENABLE_MODULES = YES;
				"CODE_SIGN_IDENTITY[sdk=iphoneos*]" = "iPhone Developer";
				CODE_SIGN_STYLE = Manual;
				DEVELOPMENT_TEAM = "";
				"DEVELOPMENT_TEAM[sdk=iphoneos*]" = JKTMVMQ362;
				GCC_PREFIX_HEADER = "CalendarApp/Support/CalendarApp-Prefix.pch";
				INFOPLIST_FILE = CalendarApp/Info.plist;
				IPHONEOS_DEPLOYMENT_TARGET = 15.0;
				LD_RUNPATH_SEARCH_PATHS = (
					"$(inherited)",
					"@executable_path/Frameworks",
				);
				PRODUCT_BUNDLE_IDENTIFIER = "ru.jam-soft.CalendarApp";
				PRODUCT_NAME = "$(TARGET_NAME)";
				PROVISIONING_PROFILE_SPECIFIER = "";
				"PROVISIONING_PROFILE_SPECIFIER[sdk=iphoneos*]" = "CalendarApp-dev";
				SWIFT_OBJC_BRIDGING_HEADER = "CalendarApp/Resources/CalendarApp-Bridging-Header.h";
				SWIFT_VERSION = 5.0;
				TARGETED_DEVICE_FAMILY = "1,2";
			};
			name = Release;
		};
/* End XCBuildConfiguration section */

/* Begin XCConfigurationList section */
		7924833B23CB7B57003E3D27 /* Build configuration list for PBXProject "CalendarApp" */ = {
			isa = XCConfigurationList;
			buildConfigurations = (
				7924835223CB7B58003E3D27 /* Debug */,
				7924835323CB7B58003E3D27 /* Release */,
			);
			defaultConfigurationIsVisible = 0;
			defaultConfigurationName = Release;
		};
		7924835423CB7B58003E3D27 /* Build configuration list for PBXNativeTarget "CalendarApp" */ = {
			isa = XCConfigurationList;
			buildConfigurations = (
				7924835523CB7B58003E3D27 /* Debug */,
				7924835623CB7B58003E3D27 /* Release */,
			);
			defaultConfigurationIsVisible = 0;
			defaultConfigurationName = Release;
		};
/* End XCConfigurationList section */

/* Begin XCRemoteSwiftPackageReference section */
		79EBF684266D4D0900DA9ACA /* XCRemoteSwiftPackageReference "CalendarKit" */ = {
			isa = XCRemoteSwiftPackageReference;
			repositoryURL = "https://github.com/richardtop/CalendarKit.git";
			requirement = {
				kind = upToNextMinorVersion;
				minimumVersion = 1.1.0;
			};
		};
/* End XCRemoteSwiftPackageReference section */

/* Begin XCSwiftPackageProductDependency section */
		79EBF685266D4D0900DA9ACA /* CalendarKit */ = {
			isa = XCSwiftPackageProductDependency;
			package = 79EBF684266D4D0900DA9ACA /* XCRemoteSwiftPackageReference "CalendarKit" */;
			productName = CalendarKit;
		};
/* End XCSwiftPackageProductDependency section */
	};
	rootObject = 7924833823CB7B57003E3D27 /* Project object */;
}
